
Microsoft Visual Studio Solution File, Format Version 12.00
# Visual Studio Version 16
VisualStudioVersion = 16.0.30011.22
MinimumVisualStudioVersion = 10.0.40219.1
Project("{FAE04EC0-301F-11D3-BF4B-00C04F79EFBC}") = "Projekt2_WPF", "Projekt2_WPF\Projekt2_WPF.csproj", "{A8742881-0F22-468D-944D-3044F4E30D24}"
EndProject
Global
	GlobalSection(SolutionConfigurationPlatforms) = preSolution
		Debug|Any CPU = Debug|Any CPU
		Release|Any CPU = Release|Any CPU
	EndGlobalSection
	GlobalSection(ProjectConfigurationPlatforms) = postSolution
		{A8742881-0F22-468D-944D-3044F4E30D24}.Debug|Any CPU.ActiveCfg = Debug|Any CPU
		{A8742881-0F22-468D-944D-3044F4E30D24}.Debug|Any CPU.Build.0 = Debug|Any CPU
		{A8742881-0F22-468D-944D-3044F4E30D24}.Release|Any CPU.ActiveCfg = Release|Any CPU
		{A8742881-0F22-468D-944D-3044F4E30D24}.Release|Any CPU.Build.0 = Release|Any CPU
	EndGlobalSection
	GlobalSection(SolutionProperties) = preSolution
		HideSolutionNode = FALSE
	EndGlobalSection
	GlobalSection(ExtensibilityGlobals) = postSolution
		SolutionGuid = {B28CD00D-A30B-4291-8F82-5509C1C41CE7}
	EndGlobalSection
EndGlobal
